// !$*UTF8*$!
{
	archiveVersion = 1;
	classes = {
	};
	objectVersion = 46;
	objects = {

/* Begin PBXBuildFile section */
		04535D502061AC8500E69B11 /* AFError.swift in Sources */ = {isa = PBXBuildFile; fileRef = 04535D3A2061AC8500E69B11 /* AFError.swift */; };
		04535D512061AC8500E69B11 /* Alamofire.swift in Sources */ = {isa = PBXBuildFile; fileRef = 04535D3C2061AC8500E69B11 /* Alamofire.swift */; };
		04535D522061AC8500E69B11 /* DispatchQueue+Alamofire.swift in Sources */ = {isa = PBXBuildFile; fileRef = 04535D3D2061AC8500E69B11 /* DispatchQueue+Alamofire.swift */; };
		04535D532061AC8500E69B11 /* MultipartFormData.swift in Sources */ = {isa = PBXBuildFile; fileRef = 04535D3E2061AC8500E69B11 /* MultipartFormData.swift */; };
		04535D542061AC8500E69B11 /* NetworkReachabilityManager.swift in Sources */ = {isa = PBXBuildFile; fileRef = 04535D3F2061AC8500E69B11 /* NetworkReachabilityManager.swift */; };
		04535D552061AC8500E69B11 /* Notifications.swift in Sources */ = {isa = PBXBuildFile; fileRef = 04535D402061AC8500E69B11 /* Notifications.swift */; };
		04535D562061AC8500E69B11 /* ParameterEncoding.swift in Sources */ = {isa = PBXBuildFile; fileRef = 04535D412061AC8500E69B11 /* ParameterEncoding.swift */; };
		04535D572061AC8500E69B11 /* Request.swift in Sources */ = {isa = PBXBuildFile; fileRef = 04535D422061AC8500E69B11 /* Request.swift */; };
		04535D582061AC8500E69B11 /* Response.swift in Sources */ = {isa = PBXBuildFile; fileRef = 04535D432061AC8500E69B11 /* Response.swift */; };
		04535D592061AC8500E69B11 /* ResponseSerialization.swift in Sources */ = {isa = PBXBuildFile; fileRef = 04535D442061AC8500E69B11 /* ResponseSerialization.swift */; };
		04535D5A2061AC8500E69B11 /* Result.swift in Sources */ = {isa = PBXBuildFile; fileRef = 04535D452061AC8500E69B11 /* Result.swift */; };
		04535D5B2061AC8500E69B11 /* ServerTrustPolicy.swift in Sources */ = {isa = PBXBuildFile; fileRef = 04535D462061AC8500E69B11 /* ServerTrustPolicy.swift */; };
		04535D5C2061AC8500E69B11 /* SessionDelegate.swift in Sources */ = {isa = PBXBuildFile; fileRef = 04535D472061AC8500E69B11 /* SessionDelegate.swift */; };
		04535D5D2061AC8500E69B11 /* SessionManager.swift in Sources */ = {isa = PBXBuildFile; fileRef = 04535D482061AC8500E69B11 /* SessionManager.swift */; };
		04535D5E2061AC8500E69B11 /* TaskDelegate.swift in Sources */ = {isa = PBXBuildFile; fileRef = 04535D492061AC8500E69B11 /* TaskDelegate.swift */; };
		04535D5F2061AC8500E69B11 /* Timeline.swift in Sources */ = {isa = PBXBuildFile; fileRef = 04535D4A2061AC8500E69B11 /* Timeline.swift */; };
		04535D602061AC8500E69B11 /* Validation.swift in Sources */ = {isa = PBXBuildFile; fileRef = 04535D4B2061AC8500E69B11 /* Validation.swift */; };
		04535D612061AC8500E69B11 /* MBProgressHUD.m in Sources */ = {isa = PBXBuildFile; fileRef = 04535D4D2061AC8500E69B11 /* MBProgressHUD.m */; };
		04535D622061AC8500E69B11 /* SwiftyJSON.swift in Sources */ = {isa = PBXBuildFile; fileRef = 04535D4F2061AC8500E69B11 /* SwiftyJSON.swift */; };
		04D6B92A20614FC90086FC5F /* AppDelegate.swift in Sources */ = {isa = PBXBuildFile; fileRef = 04D6B92920614FC90086FC5F /* AppDelegate.swift */; };
		04D6B92C20614FC90086FC5F /* ViewController.swift in Sources */ = {isa = PBXBuildFile; fileRef = 04D6B92B20614FC90086FC5F /* ViewController.swift */; };
		04D6B92F20614FC90086FC5F /* Main.storyboard in Resources */ = {isa = PBXBuildFile; fileRef = 04D6B92D20614FC90086FC5F /* Main.storyboard */; };
		04D6B93120614FC90086FC5F /* Assets.xcassets in Resources */ = {isa = PBXBuildFile; fileRef = 04D6B93020614FC90086FC5F /* Assets.xcassets */; };
		04D6B93420614FC90086FC5F /* LaunchScreen.storyboard in Resources */ = {isa = PBXBuildFile; fileRef = 04D6B93220614FC90086FC5F /* LaunchScreen.storyboard */; };
		04D6B93C206175530086FC5F /* OpenWeatherMap.swift in Sources */ = {isa = PBXBuildFile; fileRef = 04D6B93B206175530086FC5F /* OpenWeatherMap.swift */; };
		04F4181D2062CF9A004A3456 /* CoreLocation.framework in Frameworks */ = {isa = PBXBuildFile; fileRef = 04F4181C2062CF9A004A3456 /* CoreLocation.framework */; };
/* End PBXBuildFile section */

/* Begin PBXFileReference section */
		04535D3A2061AC8500E69B11 /* AFError.swift */ = {isa = PBXFileReference; fileEncoding = 4; lastKnownFileType = sourcecode.swift; path = AFError.swift; sourceTree = "<group>"; };
		04535D3B2061AC8500E69B11 /* Alamofire.h */ = {isa = PBXFileReference; fileEncoding = 4; lastKnownFileType = sourcecode.c.h; path = Alamofire.h; sourceTree = "<group>"; };
		04535D3C2061AC8500E69B11 /* Alamofire.swift */ = {isa = PBXFileReference; fileEncoding = 4; lastKnownFileType = sourcecode.swift; path = Alamofire.swift; sourceTree = "<group>"; };
		04535D3D2061AC8500E69B11 /* DispatchQueue+Alamofire.swift */ = {isa = PBXFileReference; fileEncoding = 4; lastKnownFileType = sourcecode.swift; path = "DispatchQueue+Alamofire.swift"; sourceTree = "<group>"; };
		04535D3E2061AC8500E69B11 /* MultipartFormData.swift */ = {isa = PBXFileReference; fileEncoding = 4; lastKnownFileType = sourcecode.swift; path = MultipartFormData.swift; sourceTree = "<group>"; };
		04535D3F2061AC8500E69B11 /* NetworkReachabilityManager.swift */ = {isa = PBXFileReference; fileEncoding = 4; lastKnownFileType = sourcecode.swift; path = NetworkReachabilityManager.swift; sourceTree = "<group>"; };
		04535D402061AC8500E69B11 /* Notifications.swift */ = {isa = PBXFileReference; fileEncoding = 4; lastKnownFileType = sourcecode.swift; path = Notifications.swift; sourceTree = "<group>"; };
		04535D412061AC8500E69B11 /* ParameterEncoding.swift */ = {isa = PBXFileReference; fileEncoding = 4; lastKnownFileType = sourcecode.swift; path = ParameterEncoding.swift; sourceTree = "<group>"; };
		04535D422061AC8500E69B11 /* Request.swift */ = {isa = PBXFileReference; fileEncoding = 4; lastKnownFileType = sourcecode.swift; path = Request.swift; sourceTree = "<group>"; };
		04535D432061AC8500E69B11 /* Response.swift */ = {isa = PBXFileReference; fileEncoding = 4; lastKnownFileType = sourcecode.swift; path = Response.swift; sourceTree = "<group>"; };
		04535D442061AC8500E69B11 /* ResponseSerialization.swift */ = {isa = PBXFileReference; fileEncoding = 4; lastKnownFileType = sourcecode.swift; path = ResponseSerialization.swift; sourceTree = "<group>"; };
		04535D452061AC8500E69B11 /* Result.swift */ = {isa = PBXFileReference; fileEncoding = 4; lastKnownFileType = sourcecode.swift; path = Result.swift; sourceTree = "<group>"; };
		04535D462061AC8500E69B11 /* ServerTrustPolicy.swift */ = {isa = PBXFileReference; fileEncoding = 4; lastKnownFileType = sourcecode.swift; path = ServerTrustPolicy.swift; sourceTree = "<group>"; };
		04535D472061AC8500E69B11 /* SessionDelegate.swift */ = {isa = PBXFileReference; fileEncoding = 4; lastKnownFileType = sourcecode.swift; path = SessionDelegate.swift; sourceTree = "<group>"; };
		04535D482061AC8500E69B11 /* SessionManager.swift */ = {isa = PBXFileReference; fileEncoding = 4; lastKnownFileType = sourcecode.swift; path = SessionManager.swift; sourceTree = "<group>"; };
		04535D492061AC8500E69B11 /* TaskDelegate.swift */ = {isa = PBXFileReference; fileEncoding = 4; lastKnownFileType = sourcecode.swift; path = TaskDelegate.swift; sourceTree = "<group>"; };
		04535D4A2061AC8500E69B11 /* Timeline.swift */ = {isa = PBXFileReference; fileEncoding = 4; lastKnownFileType = sourcecode.swift; path = Timeline.swift; sourceTree = "<group>"; };
		04535D4B2061AC8500E69B11 /* Validation.swift */ = {isa = PBXFileReference; fileEncoding = 4; lastKnownFileType = sourcecode.swift; path = Validation.swift; sourceTree = "<group>"; };
		04535D4C2061AC8500E69B11 /* MBProgressHUD.h */ = {isa = PBXFileReference; fileEncoding = 4; lastKnownFileType = sourcecode.c.h; path = MBProgressHUD.h; sourceTree = "<group>"; };
		04535D4D2061AC8500E69B11 /* MBProgressHUD.m */ = {isa = PBXFileReference; fileEncoding = 4; lastKnownFileType = sourcecode.c.objc; path = MBProgressHUD.m; sourceTree = "<group>"; };
		04535D4E2061AC8500E69B11 /* SwiftyJSON.h */ = {isa = PBXFileReference; fileEncoding = 4; lastKnownFileType = sourcecode.c.h; path = SwiftyJSON.h; sourceTree = "<group>"; };
		04535D4F2061AC8500E69B11 /* SwiftyJSON.swift */ = {isa = PBXFileReference; fileEncoding = 4; lastKnownFileType = sourcecode.swift; path = SwiftyJSON.swift; sourceTree = "<group>"; };
		04D6B92620614FC90086FC5F /* Weather.app */ = {isa = PBXFileReference; explicitFileType = wrapper.application; includeInIndex = 0; path = Weather.app; sourceTree = BUILT_PRODUCTS_DIR; };
		04D6B92920614FC90086FC5F /* AppDelegate.swift */ = {isa = PBXFileReference; lastKnownFileType = sourcecode.swift; path = AppDelegate.swift; sourceTree = "<group>"; };
		04D6B92B20614FC90086FC5F /* ViewController.swift */ = {isa = PBXFileReference; lastKnownFileType = sourcecode.swift; path = ViewController.swift; sourceTree = "<group>"; };
		04D6B92E20614FC90086FC5F /* Base */ = {isa = PBXFileReference; lastKnownFileType = file.storyboard; name = Base; path = Base.lproj/Main.storyboard; sourceTree = "<group>"; };
		04D6B93020614FC90086FC5F /* Assets.xcassets */ = {isa = PBXFileReference; lastKnownFileType = folder.assetcatalog; path = Assets.xcassets; sourceTree = "<group>"; };
		04D6B93320614FC90086FC5F /* Base */ = {isa = PBXFileReference; lastKnownFileType = file.storyboard; name = Base; path = Base.lproj/LaunchScreen.storyboard; sourceTree = "<group>"; };
		04D6B93520614FCA0086FC5F /* Info.plist */ = {isa = PBXFileReference; lastKnownFileType = text.plist.xml; path = Info.plist; sourceTree = "<group>"; };
		04D6B93B206175530086FC5F /* OpenWeatherMap.swift */ = {isa = PBXFileReference; fileEncoding = 4; lastKnownFileType = sourcecode.swift; path = OpenWeatherMap.swift; sourceTree = "<group>"; };
		04F4181A2062B2F1004A3456 /* BridgingHeader.h */ = {isa = PBXFileReference; lastKnownFileType = sourcecode.c.h; path = BridgingHeader.h; sourceTree = "<group>"; };
		04F4181C2062CF9A004A3456 /* CoreLocation.framework */ = {isa = PBXFileReference; lastKnownFileType = wrapper.framework; name = CoreLocation.framework; path = System/Library/Frameworks/CoreLocation.framework; sourceTree = SDKROOT; };
/* End PBXFileReference section */

/* Begin PBXFrameworksBuildPhase section */
		04D6B92320614FC80086FC5F /* Frameworks */ = {
			isa = PBXFrameworksBuildPhase;
			buildActionMask = 2147483647;
			files = (
				04F4181D2062CF9A004A3456 /* CoreLocation.framework in Frameworks */,
			);
			runOnlyForDeploymentPostprocessing = 0;
		};
/* End PBXFrameworksBuildPhase section */

/* Begin PBXGroup section */
		04535D372061AC8500E69B11 /* Helpers */ = {
			isa = PBXGroup;
			children = (
				04535D382061AC8500E69B11 /* Alamofire */,
				04F4181A2062B2F1004A3456 /* BridgingHeader.h */,
				04535D4C2061AC8500E69B11 /* MBProgressHUD.h */,
				04535D4D2061AC8500E69B11 /* MBProgressHUD.m */,
				04535D4E2061AC8500E69B11 /* SwiftyJSON.h */,
				04535D4F2061AC8500E69B11 /* SwiftyJSON.swift */,
			);
			path = Helpers;
			sourceTree = "<group>";
		};
		04535D382061AC8500E69B11 /* Alamofire */ = {
			isa = PBXGroup;
			children = (
				04535D3A2061AC8500E69B11 /* AFError.swift */,
				04535D3B2061AC8500E69B11 /* Alamofire.h */,
				04535D3C2061AC8500E69B11 /* Alamofire.swift */,
				04535D3D2061AC8500E69B11 /* DispatchQueue+Alamofire.swift */,
				04535D3E2061AC8500E69B11 /* MultipartFormData.swift */,
				04535D3F2061AC8500E69B11 /* NetworkReachabilityManager.swift */,
				04535D402061AC8500E69B11 /* Notifications.swift */,
				04535D412061AC8500E69B11 /* ParameterEncoding.swift */,
				04535D422061AC8500E69B11 /* Request.swift */,
				04535D432061AC8500E69B11 /* Response.swift */,
				04535D442061AC8500E69B11 /* ResponseSerialization.swift */,
				04535D452061AC8500E69B11 /* Result.swift */,
				04535D462061AC8500E69B11 /* ServerTrustPolicy.swift */,
				04535D472061AC8500E69B11 /* SessionDelegate.swift */,
				04535D482061AC8500E69B11 /* SessionManager.swift */,
				04535D492061AC8500E69B11 /* TaskDelegate.swift */,
				04535D4A2061AC8500E69B11 /* Timeline.swift */,
				04535D4B2061AC8500E69B11 /* Validation.swift */,
			);
			path = Alamofire;
			sourceTree = "<group>";
		};
		04D6B91D20614FC80086FC5F = {
			isa = PBXGroup;
			children = (
				04D6B92820614FC90086FC5F /* Weather */,
				04535D372061AC8500E69B11 /* Helpers */,
				04D6B92720614FC90086FC5F /* Products */,
				04F4181B2062CF99004A3456 /* Frameworks */,
			);
			sourceTree = "<group>";
		};
		04D6B92720614FC90086FC5F /* Products */ = {
			isa = PBXGroup;
			children = (
				04D6B92620614FC90086FC5F /* Weather.app */,
			);
			name = Products;
			sourceTree = "<group>";
		};
		04D6B92820614FC90086FC5F /* Weather */ = {
			isa = PBXGroup;
			children = (
				04D6B92920614FC90086FC5F /* AppDelegate.swift */,
				04D6B92B20614FC90086FC5F /* ViewController.swift */,
				04D6B93B206175530086FC5F /* OpenWeatherMap.swift */,
				04D6B92D20614FC90086FC5F /* Main.storyboard */,
				04D6B93020614FC90086FC5F /* Assets.xcassets */,
				04D6B93220614FC90086FC5F /* LaunchScreen.storyboard */,
				04D6B93520614FCA0086FC5F /* Info.plist */,
			);
			path = Weather;
			sourceTree = "<group>";
		};
		04F4181B2062CF99004A3456 /* Frameworks */ = {
			isa = PBXGroup;
			children = (
				04F4181C2062CF9A004A3456 /* CoreLocation.framework */,
			);
			name = Frameworks;
			sourceTree = "<group>";
		};
/* End PBXGroup section */

/* Begin PBXNativeTarget section */
		04D6B92520614FC80086FC5F /* Weather */ = {
			isa = PBXNativeTarget;
			buildConfigurationList = 04D6B93820614FCA0086FC5F /* Build configuration list for PBXNativeTarget "Weather" */;
			buildPhases = (
				04D6B92220614FC80086FC5F /* Sources */,
				04D6B92320614FC80086FC5F /* Frameworks */,
				04D6B92420614FC80086FC5F /* Resources */,
			);
			buildRules = (
			);
			dependencies = (
			);
			name = Weather;
			productName = Weather;
			productReference = 04D6B92620614FC90086FC5F /* Weather.app */;
			productType = "com.apple.product-type.application";
		};
/* End PBXNativeTarget section */

/* Begin PBXProject section */
		04D6B91E20614FC80086FC5F /* Project object */ = {
			isa = PBXProject;
			attributes = {
				LastSwiftUpdateCheck = 0820;
				LastUpgradeCheck = 0820;
				ORGANIZATIONNAME = "Dim Malysh";
				TargetAttributes = {
					04D6B92520614FC80086FC5F = {
						CreatedOnToolsVersion = 8.2.1;
						DevelopmentTeam = N87Y59YWEF;
						ProvisioningStyle = Automatic;
					};
				};
			};
			buildConfigurationList = 04D6B92120614FC80086FC5F /* Build configuration list for PBXProject "Weather" */;
			compatibilityVersion = "Xcode 3.2";
			developmentRegion = English;
			hasScannedForEncodings = 0;
			knownRegions = (
				en,
				Base,
			);
			mainGroup = 04D6B91D20614FC80086FC5F;
			productRefGroup = 04D6B92720614FC90086FC5F /* Products */;
			projectDirPath = "";
			projectRoot = "";
			targets = (
				04D6B92520614FC80086FC5F /* Weather */,
			);
		};
/* End PBXProject section */

/* Begin PBXResourcesBuildPhase section */
		04D6B92420614FC80086FC5F /* Resources */ = {
			isa = PBXResourcesBuildPhase;
			buildActionMask = 2147483647;
			files = (
				04D6B93420614FC90086FC5F /* LaunchScreen.storyboard in Resources */,
				04D6B93120614FC90086FC5F /* Assets.xcassets in Resources */,
				04D6B92F20614FC90086FC5F /* Main.storyboard in Resources */,
			);
			runOnlyForDeploymentPostprocessing = 0;
		};
/* End PBXResourcesBuildPhase section */

/* Begin PBXSourcesBuildPhase section */
		04D6B92220614FC80086FC5F /* Sources */ = {
			isa = PBXSourcesBuildPhase;
			buildActionMask = 2147483647;
			files = (
				04535D522061AC8500E69B11 /* DispatchQueue+Alamofire.swift in Sources */,
				04D6B93C206175530086FC5F /* OpenWeatherMap.swift in Sources */,
				04535D562061AC8500E69B11 /* ParameterEncoding.swift in Sources */,
				04535D622061AC8500E69B11 /* SwiftyJSON.swift in Sources */,
				04535D542061AC8500E69B11 /* NetworkReachabilityManager.swift in Sources */,
				04535D5A2061AC8500E69B11 /* Result.swift in Sources */,
				04535D582061AC8500E69B11 /* Response.swift in Sources */,
				04535D572061AC8500E69B11 /* Request.swift in Sources */,
				04535D552061AC8500E69B11 /* Notifications.swift in Sources */,
				04535D532061AC8500E69B11 /* MultipartFormData.swift in Sources */,
				04535D512061AC8500E69B11 /* Alamofire.swift in Sources */,
				04535D502061AC8500E69B11 /* AFError.swift in Sources */,
				04D6B92C20614FC90086FC5F /* ViewController.swift in Sources */,
				04535D5F2061AC8500E69B11 /* Timeline.swift in Sources */,
				04535D612061AC8500E69B11 /* MBProgressHUD.m in Sources */,
				04535D5B2061AC8500E69B11 /* ServerTrustPolicy.swift in Sources */,
				04535D5E2061AC8500E69B11 /* TaskDelegate.swift in Sources */,
				04535D592061AC8500E69B11 /* ResponseSerialization.swift in Sources */,
				04D6B92A20614FC90086FC5F /* AppDelegate.swift in Sources */,
				04535D5C2061AC8500E69B11 /* SessionDelegate.swift in Sources */,
				04535D602061AC8500E69B11 /* Validation.swift in Sources */,
				04535D5D2061AC8500E69B11 /* SessionManager.swift in Sources */,
			);
			runOnlyForDeploymentPostprocessing = 0;
		};
/* End PBXSourcesBuildPhase section */

/* Begin PBXVariantGroup section */
		04D6B92D20614FC90086FC5F /* Main.storyboard */ = {
			isa = PBXVariantGroup;
			children = (
				04D6B92E20614FC90086FC5F /* Base */,
			);
			name = Main.storyboard;
			sourceTree = "<group>";
		};
		04D6B93220614FC90086FC5F /* LaunchScreen.storyboard */ = {
			isa = PBXVariantGroup;
			children = (
				04D6B93320614FC90086FC5F /* Base */,
			);
			name = LaunchScreen.storyboard;
			sourceTree = "<group>";
		};
/* End PBXVariantGroup section */

/* Begin XCBuildConfiguration section */
		04D6B93620614FCA0086FC5F /* Debug */ = {
			isa = XCBuildConfiguration;
			buildSettings = {
				ALWAYS_SEARCH_USER_PATHS = NO;
				CLANG_ANALYZER_NONNULL = YES;
				CLANG_CXX_LANGUAGE_STANDARD = "gnu++0x";
				CLANG_CXX_LIBRARY = "libc++";
				CLANG_ENABLE_MODULES = YES;
				CLANG_ENABLE_OBJC_ARC = YES;
				CLANG_WARN_BOOL_CONVERSION = YES;
				CLANG_WARN_CONSTANT_CONVERSION = YES;
				CLANG_WARN_DIRECT_OBJC_ISA_USAGE = YES_ERROR;
				CLANG_WARN_DOCUMENTATION_COMMENTS = YES;
				CLANG_WARN_EMPTY_BODY = YES;
				CLANG_WARN_ENUM_CONVERSION = YES;
				CLANG_WARN_INFINITE_RECURSION = YES;
				CLANG_WARN_INT_CONVERSION = YES;
				CLANG_WARN_OBJC_ROOT_CLASS = YES_ERROR;
				CLANG_WARN_SUSPICIOUS_MOVE = YES;
				CLANG_WARN_UNREACHABLE_CODE = YES;
				CLANG_WARN__DUPLICATE_METHOD_MATCH = YES;
				"CODE_SIGN_IDENTITY[sdk=iphoneos*]" = "iPhone Developer";
				COPY_PHASE_STRIP = NO;
				DEBUG_INFORMATION_FORMAT = dwarf;
				ENABLE_STRICT_OBJC_MSGSEND = YES;
				ENABLE_TESTABILITY = YES;
				GCC_C_LANGUAGE_STANDARD = gnu99;
				GCC_DYNAMIC_NO_PIC = NO;
				GCC_NO_COMMON_BLOCKS = YES;
				GCC_OPTIMIZATION_LEVEL = 0;
				GCC_PREPROCESSOR_DEFINITIONS = (
					"DEBUG=1",
					"$(inherited)",
				);
				GCC_WARN_64_TO_32_BIT_CONVERSION = YES;
				GCC_WARN_ABOUT_RETURN_TYPE = YES_ERROR;
				GCC_WARN_UNDECLARED_SELECTOR = YES;
				GCC_WARN_UNINITIALIZED_AUTOS = YES_AGGRESSIVE;
				GCC_WARN_UNUSED_FUNCTION = YES;
				GCC_WARN_UNUSED_VARIABLE = YES;
				IPHONEOS_DEPLOYMENT_TARGET = 10.2;
				MTL_ENABLE_DEBUG_INFO = YES;
				ONLY_ACTIVE_ARCH = YES;
				SDKROOT = iphoneos;
				SWIFT_ACTIVE_COMPILATION_CONDITIONS = DEBUG;
				SWIFT_OPTIMIZATION_LEVEL = "-Onone";
			};
			name = Debug;
		};
		04D6B93720614FCA0086FC5F /* Release */ = {
			isa = XCBuildConfiguration;
			buildSettings = {
				ALWAYS_SEARCH_USER_PATHS = NO;
				CLANG_ANALYZER_NONNULL = YES;
				CLANG_CXX_LANGUAGE_STANDARD = "gnu++0x";
				CLANG_CXX_LIBRARY = "libc++";
				CLANG_ENABLE_MODULES = YES;
				CLANG_ENABLE_OBJC_ARC = YES;
				CLANG_WARN_BOOL_CONVERSION = YES;
				CLANG_WARN_CONSTANT_CONVERSION = YES;
				CLANG_WARN_DIRECT_OBJC_ISA_USAGE = YES_ERROR;
				CLANG_WARN_DOCUMENTATION_COMMENTS = YES;
				CLANG_WARN_EMPTY_BODY = YES;
				CLANG_WARN_ENUM_CONVERSION = YES;
				CLANG_WARN_INFINITE_RECURSION = YES;
				CLANG_WARN_INT_CONVERSION = YES;
				CLANG_WARN_OBJC_ROOT_CLASS = YES_ERROR;
				CLANG_WARN_SUSPICIOUS_MOVE = YES;
				CLANG_WARN_UNREACHABLE_CODE = YES;
				CLANG_WARN__DUPLICATE_METHOD_MATCH = YES;
				"CODE_SIGN_IDENTITY[sdk=iphoneos*]" = "iPhone Developer";
				COPY_PHASE_STRIP = NO;
				DEBUG_INFORMATION_FORMAT = "dwarf-with-dsym";
				ENABLE_NS_ASSERTIONS = NO;
				ENABLE_STRICT_OBJC_MSGSEND = YES;
				GCC_C_LANGUAGE_STANDARD = gnu99;
				GCC_NO_COMMON_BLOCKS = YES;
				GCC_WARN_64_TO_32_BIT_CONVERSION = YES;
				GCC_WARN_ABOUT_RETURN_TYPE = YES_ERROR;
				GCC_WARN_UNDECLARED_SELECTOR = YES;
				GCC_WARN_UNINITIALIZED_AUTOS = YES_AGGRESSIVE;
				GCC_WARN_UNUSED_FUNCTION = YES;
				GCC_WARN_UNUSED_VARIABLE = YES;
				IPHONEOS_DEPLOYMENT_TARGET = 10.2;
				MTL_ENABLE_DEBUG_INFO = NO;
				SDKROOT = iphoneos;
				SWIFT_OPTIMIZATION_LEVEL = "-Owholemodule";
				VALIDATE_PRODUCT = YES;
			};
			name = Release;
		};
		04D6B93920614FCA0086FC5F /* Debug */ = {
			isa = XCBuildConfiguration;
			buildSettings = {
				ASSETCATALOG_COMPILER_APPICON_NAME = AppIcon;
				DEVELOPMENT_TEAM = N87Y59YWEF;
				INFOPLIST_FILE = Weather/Info.plist;
				LD_RUNPATH_SEARCH_PATHS = "$(inherited) @executable_path/Frameworks";
				PRODUCT_BUNDLE_IDENTIFIER = com.dimmalysh.Weather;
				PRODUCT_NAME = "$(TARGET_NAME)";
				SWIFT_DISABLE_SAFETY_CHECKS = NO;
				"SWIFT_OBJC_BRIDGING_HEADER[arch=*]" = Helpers/BridgingHeader.h;
				SWIFT_VERSION = 3.0;
			};
			name = Debug;
		};
		04D6B93A20614FCA0086FC5F /* Release */ = {
			isa = XCBuildConfiguration;
			buildSettings = {
				ASSETCATALOG_COMPILER_APPICON_NAME = AppIcon;
				DEVELOPMENT_TEAM = N87Y59YWEF;
				INFOPLIST_FILE = Weather/Info.plist;
				LD_RUNPATH_SEARCH_PATHS = "$(inherited) @executable_path/Frameworks";
				PRODUCT_BUNDLE_IDENTIFIER = com.dimmalysh.Weather;
				PRODUCT_NAME = "$(TARGET_NAME)";
				SWIFT_DISABLE_SAFETY_CHECKS = NO;
				"SWIFT_OBJC_BRIDGING_HEADER[arch=*]" = Helpers/BridgingHeader.h;
				SWIFT_VERSION = 3.0;
			};
			name = Release;
		};
/* End XCBuildConfiguration section */

/* Begin XCConfigurationList section */
		04D6B92120614FC80086FC5F /* Build configuration list for PBXProject "Weather" */ = {
			isa = XCConfigurationList;
			buildConfigurations = (
				04D6B93620614FCA0086FC5F /* Debug */,
				04D6B93720614FCA0086FC5F /* Release */,
			);
			defaultConfigurationIsVisible = 0;
			defaultConfigurationName = Release;
		};
		04D6B93820614FCA0086FC5F /* Build configuration list for PBXNativeTarget "Weather" */ = {
			isa = XCConfigurationList;
			buildConfigurations = (
				04D6B93920614FCA0086FC5F /* Debug */,
				04D6B93A20614FCA0086FC5F /* Release */,
			);
			defaultConfigurationIsVisible = 0;
			defaultConfigurationName = Release;
		};
/* End XCConfigurationList section */
	};
	rootObject = 04D6B91E20614FC80086FC5F /* Project object */;
}
